// !$*UTF8*$!
{
	archiveVersion = 1;
	classes = {
	};
	objectVersion = 46;
	objects = {

/* Begin PBXBuildFile section */
		AE2A23331B5F3EB000A8A878 /* main.m in Sources */ = {isa = PBXBuildFile; fileRef = AE2A23321B5F3EB000A8A878 /* main.m */; };
		AE2A23361B5F3EB000A8A878 /* AppDelegate.m in Sources */ = {isa = PBXBuildFile; fileRef = AE2A23351B5F3EB000A8A878 /* AppDelegate.m */; };
		AE2A233C1B5F3EB000A8A878 /* Main.storyboard in Resources */ = {isa = PBXBuildFile; fileRef = AE2A233A1B5F3EB000A8A878 /* Main.storyboard */; };
		AE2A233E1B5F3EB000A8A878 /* Images.xcassets in Resources */ = {isa = PBXBuildFile; fileRef = AE2A233D1B5F3EB000A8A878 /* Images.xcassets */; };
		AE2A23411B5F3EB000A8A878 /* LaunchScreen.xib in Resources */ = {isa = PBXBuildFile; fileRef = AE2A233F1B5F3EB000A8A878 /* LaunchScreen.xib */; };
		AE2A234D1B5F3EB100A8A878 /* NavTransitionAnimationTests.m in Sources */ = {isa = PBXBuildFile; fileRef = AE2A234C1B5F3EB100A8A878 /* NavTransitionAnimationTests.m */; };
		AE2A235E1B5F3F4D00A8A878 /* FirstViewController.m in Sources */ = {isa = PBXBuildFile; fileRef = AE2A235B1B5F3F4D00A8A878 /* FirstViewController.m */; };
		AE2A235F1B5F3F4D00A8A878 /* SecondViewController.m in Sources */ = {isa = PBXBuildFile; fileRef = AE2A235D1B5F3F4D00A8A878 /* SecondViewController.m */; };
		AE2A23631B5F3F6A00A8A878 /* MagicMoveTransition.m in Sources */ = {isa = PBXBuildFile; fileRef = AE2A23621B5F3F6A00A8A878 /* MagicMoveTransition.m */; };
		AE2A23661B5F400100A8A878 /* VisualEffectTransition.m in Sources */ = {isa = PBXBuildFile; fileRef = AE2A23651B5F400100A8A878 /* VisualEffectTransition.m */; };
		AE2A236D1B5F410A00A8A878 /* BaseAlphaTransition.m in Sources */ = {isa = PBXBuildFile; fileRef = AE2A236C1B5F410A00A8A878 /* BaseAlphaTransition.m */; };
		D3A418C20F2EBBFB0C8B9481 /* libPods.a in Frameworks */ = {isa = PBXBuildFile; fileRef = 6B890BBE8BB96CC898648C2E /* libPods.a */; };
/* End PBXBuildFile section */

/* Begin PBXContainerItemProxy section */
		AE2A23471B5F3EB100A8A878 /* PBXContainerItemProxy */ = {
			isa = PBXContainerItemProxy;
			containerPortal = AE2A23251B5F3EB000A8A878 /* Project object */;
			proxyType = 1;
			remoteGlobalIDString = AE2A232C1B5F3EB000A8A878;
			remoteInfo = NavTransitionAnimation;
		};
/* End PBXContainerItemProxy section */

/* Begin PBXFileReference section */
		277C521A08C314BFABC836A0 /* Pods.release.xcconfig */ = {isa = PBXFileReference; includeInIndex = 1; lastKnownFileType = text.xcconfig; name = Pods.release.xcconfig; path = "Pods/Target Support Files/Pods/Pods.release.xcconfig"; sourceTree = "<group>"; };
		6B890BBE8BB96CC898648C2E /* libPods.a */ = {isa = PBXFileReference; explicitFileType = archive.ar; includeInIndex = 0; path = libPods.a; sourceTree = BUILT_PRODUCTS_DIR; };
		A6DEAB8CE13FE15A54B5D8E6 /* Pods.debug.xcconfig */ = {isa = PBXFileReference; includeInIndex = 1; lastKnownFileType = text.xcconfig; name = Pods.debug.xcconfig; path = "Pods/Target Support Files/Pods/Pods.debug.xcconfig"; sourceTree = "<group>"; };
		AE2A232D1B5F3EB000A8A878 /* NavTransitionAnimation.app */ = {isa = PBXFileReference; explicitFileType = wrapper.application; includeInIndex = 0; path = NavTransitionAnimation.app; sourceTree = BUILT_PRODUCTS_DIR; };
		AE2A23311B5F3EB000A8A878 /* Info.plist */ = {isa = PBXFileReference; lastKnownFileType = text.plist.xml; path = Info.plist; sourceTree = "<group>"; };
		AE2A23321B5F3EB000A8A878 /* main.m */ = {isa = PBXFileReference; lastKnownFileType = sourcecode.c.objc; path = main.m; sourceTree = "<group>"; };
		AE2A23341B5F3EB000A8A878 /* AppDelegate.h */ = {isa = PBXFileReference; lastKnownFileType = sourcecode.c.h; path = AppDelegate.h; sourceTree = "<group>"; };
		AE2A23351B5F3EB000A8A878 /* AppDelegate.m */ = {isa = PBXFileReference; lastKnownFileType = sourcecode.c.objc; path = AppDelegate.m; sourceTree = "<group>"; };
		AE2A233B1B5F3EB000A8A878 /* Base */ = {isa = PBXFileReference; lastKnownFileType = file.storyboard; name = Base; path = Base.lproj/Main.storyboard; sourceTree = "<group>"; };
		AE2A233D1B5F3EB000A8A878 /* Images.xcassets */ = {isa = PBXFileReference; lastKnownFileType = folder.assetcatalog; path = Images.xcassets; sourceTree = "<group>"; };
		AE2A23401B5F3EB000A8A878 /* Base */ = {isa = PBXFileReference; lastKnownFileType = file.xib; name = Base; path = Base.lproj/LaunchScreen.xib; sourceTree = "<group>"; };
		AE2A23461B5F3EB100A8A878 /* NavTransitionAnimationTests.xctest */ = {isa = PBXFileReference; explicitFileType = wrapper.cfbundle; includeInIndex = 0; path = NavTransitionAnimationTests.xctest; sourceTree = BUILT_PRODUCTS_DIR; };
		AE2A234B1B5F3EB100A8A878 /* Info.plist */ = {isa = PBXFileReference; lastKnownFileType = text.plist.xml; path = Info.plist; sourceTree = "<group>"; };
		AE2A234C1B5F3EB100A8A878 /* NavTransitionAnimationTests.m */ = {isa = PBXFileReference; lastKnownFileType = sourcecode.c.objc; path = NavTransitionAnimationTests.m; sourceTree = "<group>"; };
		AE2A235A1B5F3F4D00A8A878 /* FirstViewController.h */ = {isa = PBXFileReference; fileEncoding = 4; lastKnownFileType = sourcecode.c.h; path = FirstViewController.h; sourceTree = "<group>"; };
		AE2A235B1B5F3F4D00A8A878 /* FirstViewController.m */ = {isa = PBXFileReference; fileEncoding = 4; lastKnownFileType = sourcecode.c.objc; path = FirstViewController.m; sourceTree = "<group>"; };
		AE2A235C1B5F3F4D00A8A878 /* SecondViewController.h */ = {isa = PBXFileReference; fileEncoding = 4; lastKnownFileType = sourcecode.c.h; path = SecondViewController.h; sourceTree = "<group>"; };
		AE2A235D1B5F3F4D00A8A878 /* SecondViewController.m */ = {isa = PBXFileReference; fileEncoding = 4; lastKnownFileType = sourcecode.c.objc; path = SecondViewController.m; sourceTree = "<group>"; };
		AE2A23611B5F3F6A00A8A878 /* MagicMoveTransition.h */ = {isa = PBXFileReference; fileEncoding = 4; lastKnownFileType = sourcecode.c.h; path = MagicMoveTransition.h; sourceTree = "<group>"; };
		AE2A23621B5F3F6A00A8A878 /* MagicMoveTransition.m */ = {isa = PBXFileReference; fileEncoding = 4; lastKnownFileType = sourcecode.c.objc; path = MagicMoveTransition.m; sourceTree = "<group>"; };
		AE2A23641B5F400100A8A878 /* VisualEffectTransition.h */ = {isa = PBXFileReference; fileEncoding = 4; lastKnownFileType = sourcecode.c.h; path = VisualEffectTransition.h; sourceTree = "<group>"; };
		AE2A23651B5F400100A8A878 /* VisualEffectTransition.m */ = {isa = PBXFileReference; fileEncoding = 4; lastKnownFileType = sourcecode.c.objc; path = VisualEffectTransition.m; sourceTree = "<group>"; };
		AE2A236B1B5F410A00A8A878 /* BaseAlphaTransition.h */ = {isa = PBXFileReference; fileEncoding = 4; lastKnownFileType = sourcecode.c.h; path = BaseAlphaTransition.h; sourceTree = "<group>"; };
		AE2A236C1B5F410A00A8A878 /* BaseAlphaTransition.m */ = {isa = PBXFileReference; fileEncoding = 4; lastKnownFileType = sourcecode.c.objc; path = BaseAlphaTransition.m; sourceTree = "<group>"; };
/* End PBXFileReference section */

/* Begin PBXFrameworksBuildPhase section */
		AE2A232A1B5F3EB000A8A878 /* Frameworks */ = {
			isa = PBXFrameworksBuildPhase;
			buildActionMask = 2147483647;
			files = (
				D3A418C20F2EBBFB0C8B9481 /* libPods.a in Frameworks */,
			);
			runOnlyForDeploymentPostprocessing = 0;
		};
		AE2A23431B5F3EB100A8A878 /* Frameworks */ = {
			isa = PBXFrameworksBuildPhase;
			buildActionMask = 2147483647;
			files = (
			);
			runOnlyForDeploymentPostprocessing = 0;
		};
/* End PBXFrameworksBuildPhase section */

/* Begin PBXGroup section */
		610E9150FA0FED41D12EC61C /* Frameworks */ = {
			isa = PBXGroup;
			children = (
				6B890BBE8BB96CC898648C2E /* libPods.a */,
			);
			name = Frameworks;
			sourceTree = "<group>";
		};
		783FD1408037851E9DF8E56C /* Pods */ = {
			isa = PBXGroup;
			children = (
				A6DEAB8CE13FE15A54B5D8E6 /* Pods.debug.xcconfig */,
				277C521A08C314BFABC836A0 /* Pods.release.xcconfig */,
			);
			name = Pods;
			sourceTree = "<group>";
		};
		AE2A23241B5F3EB000A8A878 = {
			isa = PBXGroup;
			children = (
				AE2A232F1B5F3EB000A8A878 /* NavTransitionAnimation */,
				AE2A23491B5F3EB100A8A878 /* NavTransitionAnimationTests */,
				AE2A232E1B5F3EB000A8A878 /* Products */,
				783FD1408037851E9DF8E56C /* Pods */,
				610E9150FA0FED41D12EC61C /* Frameworks */,
			);
			sourceTree = "<group>";
		};
		AE2A232E1B5F3EB000A8A878 /* Products */ = {
			isa = PBXGroup;
			children = (
				AE2A232D1B5F3EB000A8A878 /* NavTransitionAnimation.app */,
				AE2A23461B5F3EB100A8A878 /* NavTransitionAnimationTests.xctest */,
			);
			name = Products;
			sourceTree = "<group>";
		};
		AE2A232F1B5F3EB000A8A878 /* NavTransitionAnimation */ = {
			isa = PBXGroup;
			children = (
				AE2A23341B5F3EB000A8A878 /* AppDelegate.h */,
				AE2A23351B5F3EB000A8A878 /* AppDelegate.m */,
				AE2A23601B5F3F5700A8A878 /* Animations */,
				AE2A23591B5F3F4D00A8A878 /* VCs */,
				AE2A233A1B5F3EB000A8A878 /* Main.storyboard */,
				AE2A233D1B5F3EB000A8A878 /* Images.xcassets */,
				AE2A233F1B5F3EB000A8A878 /* LaunchScreen.xib */,
				AE2A23301B5F3EB000A8A878 /* Supporting Files */,
			);
			path = NavTransitionAnimation;
			sourceTree = "<group>";
		};
		AE2A23301B5F3EB000A8A878 /* Supporting Files */ = {
			isa = PBXGroup;
			children = (
				AE2A23311B5F3EB000A8A878 /* Info.plist */,
				AE2A23321B5F3EB000A8A878 /* main.m */,
			);
			name = "Supporting Files";
			sourceTree = "<group>";
		};
		AE2A23491B5F3EB100A8A878 /* NavTransitionAnimationTests */ = {
			isa = PBXGroup;
			children = (
				AE2A234C1B5F3EB100A8A878 /* NavTransitionAnimationTests.m */,
				AE2A234A1B5F3EB100A8A878 /* Supporting Files */,
			);
			path = NavTransitionAnimationTests;
			sourceTree = "<group>";
		};
		AE2A234A1B5F3EB100A8A878 /* Supporting Files */ = {
			isa = PBXGroup;
			children = (
				AE2A234B1B5F3EB100A8A878 /* Info.plist */,
			);
			name = "Supporting Files";
			sourceTree = "<group>";
		};
		AE2A23591B5F3F4D00A8A878 /* VCs */ = {
			isa = PBXGroup;
			children = (
				AE2A235A1B5F3F4D00A8A878 /* FirstViewController.h */,
				AE2A235B1B5F3F4D00A8A878 /* FirstViewController.m */,
				AE2A235C1B5F3F4D00A8A878 /* SecondViewController.h */,
				AE2A235D1B5F3F4D00A8A878 /* SecondViewController.m */,
			);
			path = VCs;
			sourceTree = "<group>";
		};
		AE2A23601B5F3F5700A8A878 /* Animations */ = {
			isa = PBXGroup;
			children = (
				AE2A236A1B5F40FB00A8A878 /* Base */,
				AE2A23611B5F3F6A00A8A878 /* MagicMoveTransition.h */,
				AE2A23621B5F3F6A00A8A878 /* MagicMoveTransition.m */,
				AE2A23641B5F400100A8A878 /* VisualEffectTransition.h */,
				AE2A23651B5F400100A8A878 /* VisualEffectTransition.m */,
			);
			path = Animations;
			sourceTree = "<group>";
		};
		AE2A236A1B5F40FB00A8A878 /* Base */ = {
			isa = PBXGroup;
			children = (
				AE2A236B1B5F410A00A8A878 /* BaseAlphaTransition.h */,
				AE2A236C1B5F410A00A8A878 /* BaseAlphaTransition.m */,
			);
			path = Base;
			sourceTree = "<group>";
		};
/* End PBXGroup section */

/* Begin PBXNativeTarget section */
		AE2A232C1B5F3EB000A8A878 /* NavTransitionAnimation */ = {
			isa = PBXNativeTarget;
			buildConfigurationList = AE2A23501B5F3EB100A8A878 /* Build configuration list for PBXNativeTarget "NavTransitionAnimation" */;
			buildPhases = (
				15FB3A257986BF28FEAB573D /* Check Pods Manifest.lock */,
				AE2A23291B5F3EB000A8A878 /* Sources */,
				AE2A232A1B5F3EB000A8A878 /* Frameworks */,
				AE2A232B1B5F3EB000A8A878 /* Resources */,
				2BD4A0756209B9873E6063E8 /* Copy Pods Resources */,
			);
			buildRules = (
			);
			dependencies = (
			);
			name = NavTransitionAnimation;
			productName = NavTransitionAnimation;
			productReference = AE2A232D1B5F3EB000A8A878 /* NavTransitionAnimation.app */;
			productType = "com.apple.product-type.application";
		};
		AE2A23451B5F3EB100A8A878 /* NavTransitionAnimationTests */ = {
			isa = PBXNativeTarget;
			buildConfigurationList = AE2A23531B5F3EB100A8A878 /* Build configuration list for PBXNativeTarget "NavTransitionAnimationTests" */;
			buildPhases = (
				AE2A23421B5F3EB100A8A878 /* Sources */,
				AE2A23431B5F3EB100A8A878 /* Frameworks */,
				AE2A23441B5F3EB100A8A878 /* Resources */,
			);
			buildRules = (
			);
			dependencies = (
				AE2A23481B5F3EB100A8A878 /* PBXTargetDependency */,
			);
			name = NavTransitionAnimationTests;
			productName = NavTransitionAnimationTests;
			productReference = AE2A23461B5F3EB100A8A878 /* NavTransitionAnimationTests.xctest */;
			productType = "com.apple.product-type.bundle.unit-test";
		};
/* End PBXNativeTarget section */

/* Begin PBXProject section */
		AE2A23251B5F3EB000A8A878 /* Project object */ = {
			isa = PBXProject;
			attributes = {
				LastUpgradeCheck = 0640;
				ORGANIZATIONNAME = iiseeuu;
				TargetAttributes = {
					AE2A232C1B5F3EB000A8A878 = {
						CreatedOnToolsVersion = 6.4;
					};
					AE2A23451B5F3EB100A8A878 = {
						CreatedOnToolsVersion = 6.4;
						TestTargetID = AE2A232C1B5F3EB000A8A878;
					};
				};
			};
			buildConfigurationList = AE2A23281B5F3EB000A8A878 /* Build configuration list for PBXProject "NavTransitionAnimation" */;
			compatibilityVersion = "Xcode 3.2";
			developmentRegion = English;
			hasScannedForEncodings = 0;
			knownRegions = (
				en,
				Base,
			);
			mainGroup = AE2A23241B5F3EB000A8A878;
			productRefGroup = AE2A232E1B5F3EB000A8A878 /* Products */;
			projectDirPath = "";
			projectRoot = "";
			targets = (
				AE2A232C1B5F3EB000A8A878 /* NavTransitionAnimation */,
				AE2A23451B5F3EB100A8A878 /* NavTransitionAnimationTests */,
			);
		};
/* End PBXProject section */

/* Begin PBXResourcesBuildPhase section */
		AE2A232B1B5F3EB000A8A878 /* Resources */ = {
			isa = PBXResourcesBuildPhase;
			buildActionMask = 2147483647;
			files = (
				AE2A233C1B5F3EB000A8A878 /* Main.storyboard in Resources */,
				AE2A23411B5F3EB000A8A878 /* LaunchScreen.xib in Resources */,
				AE2A233E1B5F3EB000A8A878 /* Images.xcassets in Resources */,
			);
			runOnlyForDeploymentPostprocessing = 0;
		};
		AE2A23441B5F3EB100A8A878 /* Resources */ = {
			isa = PBXResourcesBuildPhase;
			buildActionMask = 2147483647;
			files = (
			);
			runOnlyForDeploymentPostprocessing = 0;
		};
/* End PBXResourcesBuildPhase section */

/* Begin PBXShellScriptBuildPhase section */
		15FB3A257986BF28FEAB573D /* Check Pods Manifest.lock */ = {
			isa = PBXShellScriptBuildPhase;
			buildActionMask = 2147483647;
			files = (
			);
			inputPaths = (
			);
			name = "Check Pods Manifest.lock";
			outputPaths = (
			);
			runOnlyForDeploymentPostprocessing = 0;
			shellPath = /bin/sh;
			shellScript = "diff \"${PODS_ROOT}/../Podfile.lock\" \"${PODS_ROOT}/Manifest.lock\" > /dev/null\nif [[ $? != 0 ]] ; then\n    cat << EOM\nerror: The sandbox is not in sync with the Podfile.lock. Run 'pod install' or update your CocoaPods installation.\nEOM\n    exit 1\nfi\n";
			showEnvVarsInLog = 0;
		};
		2BD4A0756209B9873E6063E8 /* Copy Pods Resources */ = {
			isa = PBXShellScriptBuildPhase;
			buildActionMask = 2147483647;
			files = (
			);
			inputPaths = (
			);
			name = "Copy Pods Resources";
			outputPaths = (
			);
			runOnlyForDeploymentPostprocessing = 0;
			shellPath = /bin/sh;
			shellScript = "\"${SRCROOT}/Pods/Target Support Files/Pods/Pods-resources.sh\"\n";
			showEnvVarsInLog = 0;
		};
/* End PBXShellScriptBuildPhase section */

/* Begin PBXSourcesBuildPhase section */
		AE2A23291B5F3EB000A8A878 /* Sources */ = {
			isa = PBXSourcesBuildPhase;
			buildActionMask = 2147483647;
			files = (
				AE2A235F1B5F3F4D00A8A878 /* SecondViewController.m in Sources */,
				AE2A236D1B5F410A00A8A878 /* BaseAlphaTransition.m in Sources */,
				AE2A23361B5F3EB000A8A878 /* AppDelegate.m in Sources */,
				AE2A23631B5F3F6A00A8A878 /* MagicMoveTransition.m in Sources */,
				AE2A23661B5F400100A8A878 /* VisualEffectTransition.m in Sources */,
				AE2A235E1B5F3F4D00A8A878 /* FirstViewController.m in Sources */,
				AE2A23331B5F3EB000A8A878 /* main.m in Sources */,
			);
			runOnlyForDeploymentPostprocessing = 0;
		};
		AE2A23421B5F3EB100A8A878 /* Sources */ = {
			isa = PBXSourcesBuildPhase;
			buildActionMask = 2147483647;
			files = (
				AE2A234D1B5F3EB100A8A878 /* NavTransitionAnimationTests.m in Sources */,
			);
			runOnlyForDeploymentPostprocessing = 0;
		};
/* End PBXSourcesBuildPhase section */

/* Begin PBXTargetDependency section */
		AE2A23481B5F3EB100A8A878 /* PBXTargetDependency */ = {
			isa = PBXTargetDependency;
			target = AE2A232C1B5F3EB000A8A878 /* NavTransitionAnimation */;
			targetProxy = AE2A23471B5F3EB100A8A878 /* PBXContainerItemProxy */;
		};
/* End PBXTargetDependency section */

/* Begin PBXVariantGroup section */
		AE2A233A1B5F3EB000A8A878 /* Main.storyboard */ = {
			isa = PBXVariantGroup;
			children = (
				AE2A233B1B5F3EB000A8A878 /* Base */,
			);
			name = Main.storyboard;
			sourceTree = "<group>";
		};
		AE2A233F1B5F3EB000A8A878 /* LaunchScreen.xib */ = {
			isa = PBXVariantGroup;
			children = (
				AE2A23401B5F3EB000A8A878 /* Base */,
			);
			name = LaunchScreen.xib;
			sourceTree = "<group>";
		};
/* End PBXVariantGroup section */

/* Begin XCBuildConfiguration section */
		AE2A234E1B5F3EB100A8A878 /* Debug */ = {
			isa = XCBuildConfiguration;
			buildSettings = {
				ALWAYS_SEARCH_USER_PATHS = NO;
				CLANG_CXX_LANGUAGE_STANDARD = "gnu++0x";
				CLANG_CXX_LIBRARY = "libc++";
				CLANG_ENABLE_MODULES = YES;
				CLANG_ENABLE_OBJC_ARC = YES;
				CLANG_WARN_BOOL_CONVERSION = YES;
				CLANG_WARN_CONSTANT_CONVERSION = YES;
				CLANG_WARN_DIRECT_OBJC_ISA_USAGE = YES_ERROR;
				CLANG_WARN_EMPTY_BODY = YES;
				CLANG_WARN_ENUM_CONVERSION = YES;
				CLANG_WARN_INT_CONVERSION = YES;
				CLANG_WARN_OBJC_ROOT_CLASS = YES_ERROR;
				CLANG_WARN_UNREACHABLE_CODE = YES;
				CLANG_WARN__DUPLICATE_METHOD_MATCH = YES;
				"CODE_SIGN_IDENTITY[sdk=iphoneos*]" = "iPhone Developer";
				COPY_PHASE_STRIP = NO;
				DEBUG_INFORMATION_FORMAT = "dwarf-with-dsym";
				ENABLE_STRICT_OBJC_MSGSEND = YES;
				GCC_C_LANGUAGE_STANDARD = gnu99;
				GCC_DYNAMIC_NO_PIC = NO;
				GCC_NO_COMMON_BLOCKS = YES;
				GCC_OPTIMIZATION_LEVEL = 0;
				GCC_PREPROCESSOR_DEFINITIONS = (
					"DEBUG=1",
					"$(inherited)",
				);
				GCC_SYMBOLS_PRIVATE_EXTERN = NO;
				GCC_WARN_64_TO_32_BIT_CONVERSION = YES;
				GCC_WARN_ABOUT_RETURN_TYPE = YES_ERROR;
				GCC_WARN_UNDECLARED_SELECTOR = YES;
				GCC_WARN_UNINITIALIZED_AUTOS = YES_AGGRESSIVE;
				GCC_WARN_UNUSED_FUNCTION = YES;
				GCC_WARN_UNUSED_VARIABLE = YES;
				IPHONEOS_DEPLOYMENT_TARGET = 8.4;
				MTL_ENABLE_DEBUG_INFO = YES;
				ONLY_ACTIVE_ARCH = YES;
				SDKROOT = iphoneos;
			};
			name = Debug;
		};
		AE2A234F1B5F3EB100A8A878 /* Release */ = {
			isa = XCBuildConfiguration;
			buildSettings = {
				ALWAYS_SEARCH_USER_PATHS = NO;
				CLANG_CXX_LANGUAGE_STANDARD = "gnu++0x";
				CLANG_CXX_LIBRARY = "libc++";
				CLANG_ENABLE_MODULES = YES;
				CLANG_ENABLE_OBJC_ARC = YES;
				CLANG_WARN_BOOL_CONVERSION = YES;
				CLANG_WARN_CONSTANT_CONVERSION = YES;
				CLANG_WARN_DIRECT_OBJC_ISA_USAGE = YES_ERROR;
				CLANG_WARN_EMPTY_BODY = YES;
				CLANG_WARN_ENUM_CONVERSION = YES;
				CLANG_WARN_INT_CONVERSION = YES;
				CLANG_WARN_OBJC_ROOT_CLASS = YES_ERROR;
				CLANG_WARN_UNREACHABLE_CODE = YES;
				CLANG_WARN__DUPLICATE_METHOD_MATCH = YES;
				"CODE_SIGN_IDENTITY[sdk=iphoneos*]" = "iPhone Developer";
				COPY_PHASE_STRIP = NO;
				DEBUG_INFORMATION_FORMAT = "dwarf-with-dsym";
				ENABLE_NS_ASSERTIONS = NO;
				ENABLE_STRICT_OBJC_MSGSEND = YES;
				GCC_C_LANGUAGE_STANDARD = gnu99;
				GCC_NO_COMMON_BLOCKS = YES;
				GCC_WARN_64_TO_32_BIT_CONVERSION = YES;
				GCC_WARN_ABOUT_RETURN_TYPE = YES_ERROR;
				GCC_WARN_UNDECLARED_SELECTOR = YES;
				GCC_WARN_UNINITIALIZED_AUTOS = YES_AGGRESSIVE;
				GCC_WARN_UNUSED_FUNCTION = YES;
				GCC_WARN_UNUSED_VARIABLE = YES;
				IPHONEOS_DEPLOYMENT_TARGET = 8.4;
				MTL_ENABLE_DEBUG_INFO = NO;
				SDKROOT = iphoneos;
				VALIDATE_PRODUCT = YES;
			};
			name = Release;
		};
		AE2A23511B5F3EB100A8A878 /* Debug */ = {
			isa = XCBuildConfiguration;
			baseConfigurationReference = A6DEAB8CE13FE15A54B5D8E6 /* Pods.debug.xcconfig */;
			buildSettings = {
				ASSETCATALOG_COMPILER_APPICON_NAME = AppIcon;
				INFOPLIST_FILE = NavTransitionAnimation/Info.plist;
				LD_RUNPATH_SEARCH_PATHS = "$(inherited) @executable_path/Frameworks";
				PRODUCT_NAME = "$(TARGET_NAME)";
			};
			name = Debug;
		};
		AE2A23521B5F3EB100A8A878 /* Release */ = {
			isa = XCBuildConfiguration;
			baseConfigurationReference = 277C521A08C314BFABC836A0 /* Pods.release.xcconfig */;
			buildSettings = {
				ASSETCATALOG_COMPILER_APPICON_NAME = AppIcon;
				INFOPLIST_FILE = NavTransitionAnimation/Info.plist;
				LD_RUNPATH_SEARCH_PATHS = "$(inherited) @executable_path/Frameworks";
				PRODUCT_NAME = "$(TARGET_NAME)";
			};
			name = Release;
		};
		AE2A23541B5F3EB100A8A878 /* Debug */ = {
			isa = XCBuildConfiguration;
			buildSettings = {
				BUNDLE_LOADER = "$(TEST_HOST)";
				FRAMEWORK_SEARCH_PATHS = (
					"$(SDKROOT)/Developer/Library/Frameworks",
					"$(inherited)",
				);
				GCC_PREPROCESSOR_DEFINITIONS = (
					"DEBUG=1",
					"$(inherited)",
				);
				INFOPLIST_FILE = NavTransitionAnimationTests/Info.plist;
				LD_RUNPATH_SEARCH_PATHS = "$(inherited) @executable_path/Frameworks @loader_path/Frameworks";
				PRODUCT_NAME = "$(TARGET_NAME)";
				TEST_HOST = "$(BUILT_PRODUCTS_DIR)/NavTransitionAnimation.app/NavTransitionAnimation";
			};
			name = Debug;
		};
		AE2A23551B5F3EB100A8A878 /* Release */ = {
			isa = XCBuildConfiguration;
			buildSettings = {
				BUNDLE_LOADER = "$(TEST_HOST)";
				FRAMEWORK_SEARCH_PATHS = (
					"$(SDKROOT)/Developer/Library/Frameworks",
					"$(inherited)",
				);
				INFOPLIST_FILE = NavTransitionAnimationTests/Info.plist;
				LD_RUNPATH_SEARCH_PATHS = "$(inherited) @executable_path/Frameworks @loader_path/Frameworks";
				PRODUCT_NAME = "$(TARGET_NAME)";
				TEST_HOST = "$(BUILT_PRODUCTS_DIR)/NavTransitionAnimation.app/NavTransitionAnimation";
			};
			name = Release;
		};
/* End XCBuildConfiguration section */

/* Begin XCConfigurationList section */
		AE2A23281B5F3EB000A8A878 /* Build configuration list for PBXProject "NavTransitionAnimation" */ = {
			isa = XCConfigurationList;
			buildConfigurations = (
				AE2A234E1B5F3EB100A8A878 /* Debug */,
				AE2A234F1B5F3EB100A8A878 /* Release */,
			);
			defaultConfigurationIsVisible = 0;
			defaultConfigurationName = Release;
		};
		AE2A23501B5F3EB100A8A878 /* Build configuration list for PBXNativeTarget "NavTransitionAnimation" */ = {
			isa = XCConfigurationList;
			buildConfigurations = (
				AE2A23511B5F3EB100A8A878 /* Debug */,
				AE2A23521B5F3EB100A8A878 /* Release */,
			);
			defaultConfigurationIsVisible = 0;
			defaultConfigurationName = Release;
		};
		AE2A23531B5F3EB100A8A878 /* Build configuration list for PBXNativeTarget "NavTransitionAnimationTests" */ = {
			isa = XCConfigurationList;
			buildConfigurations = (
				AE2A23541B5F3EB100A8A878 /* Debug */,
				AE2A23551B5F3EB100A8A878 /* Release */,
			);
			defaultConfigurationIsVisible = 0;
			defaultConfigurationName = Release;
		};
/* End XCConfigurationList section */
	};
	rootObject = AE2A23251B5F3EB000A8A878 /* Project object */;
}
